<?xml version="1.0" encoding="UTF-8"?>
<CodeBlocks_project_file>
	<FileVersion major="1" minor="6"/>
	<Project>
		<Option title="rayTracer"/>
		<Option makefile_is_custom="1"/>
		<Option compiler="clang"/>
		<Option virtualFolders="CMake Files\;"/>
		<Build>
			<Target title="all">
				<Option working_dir="/home/sousajo/CLionProjects/rayTracer"/>
				<Option type="4"/>
				<MakeCommands>
					<Build command="/usr/bin/make -j8 -f &quot;/home/sousajo/CLionProjects/rayTracer/Makefile&quot;  VERBOSE=1 all"/>
					<CompileFile command="/usr/bin/make -j8 -f &quot;/home/sousajo/CLionProjects/rayTracer/Makefile&quot;  VERBOSE=1 &quot;$file&quot;"/>
					<Clean command="/usr/bin/make -j8 -f &quot;/home/sousajo/CLionProjects/rayTracer/Makefile&quot;  VERBOSE=1 clean"/>
					<DistClean command="/usr/bin/make -j8 -f &quot;/home/sousajo/CLionProjects/rayTracer/Makefile&quot;  VERBOSE=1 clean"/>
				</MakeCommands>
			</Target>
			<Target title="rebuild_cache">
				<Option working_dir="/home/sousajo/CLionProjects/rayTracer"/>
				<Option type="4"/>
				<MakeCommands>
					<Build command="/usr/bin/make -j8 -f &quot;/home/sousajo/CLionProjects/rayTracer/Makefile&quot;  VERBOSE=1 rebuild_cache"/>
					<CompileFile command="/usr/bin/make -j8 -f &quot;/home/sousajo/CLionProjects/rayTracer/Makefile&quot;  VERBOSE=1 &quot;$file&quot;"/>
					<Clean command="/usr/bin/make -j8 -f &quot;/home/sousajo/CLionProjects/rayTracer/Makefile&quot;  VERBOSE=1 clean"/>
					<DistClean command="/usr/bin/make -j8 -f &quot;/home/sousajo/CLionProjects/rayTracer/Makefile&quot;  VERBOSE=1 clean"/>
				</MakeCommands>
			</Target>
			<Target title="edit_cache">
				<Option working_dir="/home/sousajo/CLionProjects/rayTracer"/>
				<Option type="4"/>
				<MakeCommands>
					<Build command="/usr/bin/make -j8 -f &quot;/home/sousajo/CLionProjects/rayTracer/Makefile&quot;  VERBOSE=1 edit_cache"/>
					<CompileFile command="/usr/bin/make -j8 -f &quot;/home/sousajo/CLionProjects/rayTracer/Makefile&quot;  VERBOSE=1 &quot;$file&quot;"/>
					<Clean command="/usr/bin/make -j8 -f &quot;/home/sousajo/CLionProjects/rayTracer/Makefile&quot;  VERBOSE=1 clean"/>
					<DistClean command="/usr/bin/make -j8 -f &quot;/home/sousajo/CLionProjects/rayTracer/Makefile&quot;  VERBOSE=1 clean"/>
				</MakeCommands>
			</Target>
			<Target title="rayTracer">
				<Option output="/home/sousajo/CLionProjects/rayTracer/rayTracer" prefix_auto="0" extension_auto="0"/>
				<Option working_dir="/home/sousajo/CLionProjects/rayTracer"/>
				<Option object_output="./"/>
				<Option type="1"/>
				<Option compiler="clang"/>
				<Compiler>
					<Add directory="/usr/bin/../lib/gcc/x86_64-linux-gnu/7.5.0/../../../../include/c++/7.5.0"/>
					<Add directory="/usr/bin/../lib/gcc/x86_64-linux-gnu/7.5.0/../../../../include/x86_64-linux-gnu/c++/7.5.0"/>
					<Add directory="/usr/bin/../lib/gcc/x86_64-linux-gnu/7.5.0/../../../../include/c++/7.5.0/backward"/>
					<Add directory="/usr/include/clang/6.0.0/include"/>
					<Add directory="/usr/local/include"/>
					<Add directory="/usr/include/x86_64-linux-gnu"/>
					<Add directory="/usr/include"/>
					<Add directory="/usr/lib/gcc/x86_64-linux-gnu/7/include"/>
					<Add directory="/usr/lib/gcc/x86_64-linux-gnu/7/include-fixed"/>
				</Compiler>
				<MakeCommands>
					<Build command="/usr/bin/make -j8 -f &quot;/home/sousajo/CLionProjects/rayTracer/Makefile&quot;  VERBOSE=1 rayTracer"/>
					<CompileFile command="/usr/bin/make -j8 -f &quot;/home/sousajo/CLionProjects/rayTracer/Makefile&quot;  VERBOSE=1 &quot;$file&quot;"/>
					<Clean command="/usr/bin/make -j8 -f &quot;/home/sousajo/CLionProjects/rayTracer/Makefile&quot;  VERBOSE=1 clean"/>
					<DistClean command="/usr/bin/make -j8 -f &quot;/home/sousajo/CLionProjects/rayTracer/Makefile&quot;  VERBOSE=1 clean"/>
				</MakeCommands>
			</Target>
			<Target title="rayTracer/fast">
				<Option output="/home/sousajo/CLionProjects/rayTracer/rayTracer" prefix_auto="0" extension_auto="0"/>
				<Option working_dir="/home/sousajo/CLionProjects/rayTracer"/>
				<Option object_output="./"/>
				<Option type="1"/>
				<Option compiler="clang"/>
				<Compiler>
					<Add directory="/usr/bin/../lib/gcc/x86_64-linux-gnu/7.5.0/../../../../include/c++/7.5.0"/>
					<Add directory="/usr/bin/../lib/gcc/x86_64-linux-gnu/7.5.0/../../../../include/x86_64-linux-gnu/c++/7.5.0"/>
					<Add directory="/usr/bin/../lib/gcc/x86_64-linux-gnu/7.5.0/../../../../include/c++/7.5.0/backward"/>
					<Add directory="/usr/include/clang/6.0.0/include"/>
					<Add directory="/usr/local/include"/>
					<Add directory="/usr/include/x86_64-linux-gnu"/>
					<Add directory="/usr/include"/>
					<Add directory="/usr/lib/gcc/x86_64-linux-gnu/7/include"/>
					<Add directory="/usr/lib/gcc/x86_64-linux-gnu/7/include-fixed"/>
				</Compiler>
				<MakeCommands>
					<Build command="/usr/bin/make -j8 -f &quot;/home/sousajo/CLionProjects/rayTracer/Makefile&quot;  VERBOSE=1 rayTracer/fast"/>
					<CompileFile command="/usr/bin/make -j8 -f &quot;/home/sousajo/CLionProjects/rayTracer/Makefile&quot;  VERBOSE=1 &quot;$file&quot;"/>
					<Clean command="/usr/bin/make -j8 -f &quot;/home/sousajo/CLionProjects/rayTracer/Makefile&quot;  VERBOSE=1 clean"/>
					<DistClean command="/usr/bin/make -j8 -f &quot;/home/sousajo/CLionProjects/rayTracer/Makefile&quot;  VERBOSE=1 clean"/>
				</MakeCommands>
			</Target>
		</Build>
		<Unit filename="/home/sousajo/CLionProjects/rayTracer/camera.hpp">
			<Option target="rayTracer"/>
		</Unit>
		<Unit filename="/home/sousajo/CLionProjects/rayTracer/color.cpp">
			<Option target="rayTracer"/>
		</Unit>
		<Unit filename="/home/sousajo/CLionProjects/rayTracer/color.hpp">
			<Option target="rayTracer"/>
		</Unit>
		<Unit filename="/home/sousajo/CLionProjects/rayTracer/main.cpp">
			<Option target="rayTracer"/>
		</Unit>
		<Unit filename="/home/sousajo/CLionProjects/rayTracer/pointRecord.cpp">
			<Option target="rayTracer"/>
		</Unit>
		<Unit filename="/home/sousajo/CLionProjects/rayTracer/pointRecord.hpp">
			<Option target="rayTracer"/>
		</Unit>
		<Unit filename="/home/sousajo/CLionProjects/rayTracer/ray.hpp">
			<Option target="rayTracer"/>
		</Unit>
		<Unit filename="/home/sousajo/CLionProjects/rayTracer/sphere.hpp">
			<Option target="rayTracer"/>
		</Unit>
		<Unit filename="/home/sousajo/CLionProjects/rayTracer/vec3.hpp">
			<Option target="rayTracer"/>
		</Unit>
		<Unit filename="/home/sousajo/CLionProjects/rayTracer/visibleObject.cpp">
			<Option target="rayTracer"/>
		</Unit>
		<Unit filename="/home/sousajo/CLionProjects/rayTracer/visibleObject.hpp">
			<Option target="rayTracer"/>
		</Unit>
		<Unit filename="/home/sousajo/CLionProjects/rayTracer/CMakeLists.txt">
			<Option virtualFolder="CMake Files\"/>
		</Unit>
	</Project>
</CodeBlocks_project_file>
